// !$*UTF8*$!
{
	archiveVersion = 1;
	classes = {
	};
	objectVersion = 46;
	objects = {

/* Begin PBXBuildFile section */
		353D98B11ED52C7200880566 /* GGT_Singleton.m in Sources */ = {isa = PBXBuildFile; fileRef = 353D98A91ED52C7200880566 /* GGT_Singleton.m */; };
		353D98B21ED52C7200880566 /* MBProgressHUD+Extension.m in Sources */ = {isa = PBXBuildFile; fileRef = 353D98AB1ED52C7200880566 /* MBProgressHUD+Extension.m */; };
		353D98B31ED52C7200880566 /* MBProgressHUD.bundle in Resources */ = {isa = PBXBuildFile; fileRef = 353D98AC1ED52C7200880566 /* MBProgressHUD.bundle */; };
		353D98B41ED52C7200880566 /* XCNormalFooter.m in Sources */ = {isa = PBXBuildFile; fileRef = 353D98AE1ED52C7200880566 /* XCNormalFooter.m */; };
		353D98B51ED52C7200880566 /* XCNormalHeader.m in Sources */ = {isa = PBXBuildFile; fileRef = 353D98B01ED52C7200880566 /* XCNormalHeader.m */; };
		353D98BD1ED52CA600880566 /* BaseBackViewController.m in Sources */ = {isa = PBXBuildFile; fileRef = 353D98B81ED52CA600880566 /* BaseBackViewController.m */; };
		353D98BE1ED52CA600880566 /* BaseNavigationController.m in Sources */ = {isa = PBXBuildFile; fileRef = 353D98BA1ED52CA600880566 /* BaseNavigationController.m */; };
		353D98BF1ED52CA600880566 /* BaseViewController.m in Sources */ = {isa = PBXBuildFile; fileRef = 353D98BC1ED52CA600880566 /* BaseViewController.m */; };
		353D98C11ED52D1700880566 /* Reveal.framework in Frameworks */ = {isa = PBXBuildFile; fileRef = 353D98C01ED52D1700880566 /* Reveal.framework */; };
		353D98C81ED5528C00880566 /* GGT_LoginViewController.m in Sources */ = {isa = PBXBuildFile; fileRef = 353D98C71ED5528C00880566 /* GGT_LoginViewController.m */; };
		353D98CF1ED552E000880566 /* GGT_HomeViewController.m in Sources */ = {isa = PBXBuildFile; fileRef = 353D98CE1ED552E000880566 /* GGT_HomeViewController.m */; };
		353D98D61ED55D5800880566 /* BaseService.m in Sources */ = {isa = PBXBuildFile; fileRef = 353D98D51ED55D5800880566 /* BaseService.m */; };
		353D98DA1ED56A2100880566 /* GGT_ForgotPasswordViewController.m in Sources */ = {isa = PBXBuildFile; fileRef = 353D98D91ED56A2100880566 /* GGT_ForgotPasswordViewController.m */; };
		353D98DD1ED56A3700880566 /* GGT_RegisterViewController.m in Sources */ = {isa = PBXBuildFile; fileRef = 353D98DC1ED56A3700880566 /* GGT_RegisterViewController.m */; };
		353D98E01ED56A8300880566 /* GGT_LoginView.m in Sources */ = {isa = PBXBuildFile; fileRef = 353D98DF1ED56A8300880566 /* GGT_LoginView.m */; };
		3551B9651ED52A4200B859DB /* main.m in Sources */ = {isa = PBXBuildFile; fileRef = 3551B9641ED52A4200B859DB /* main.m */; };
		3551B9681ED52A4200B859DB /* AppDelegate.m in Sources */ = {isa = PBXBuildFile; fileRef = 3551B9671ED52A4200B859DB /* AppDelegate.m */; };
		3551B96B1ED52A4200B859DB /* ViewController.m in Sources */ = {isa = PBXBuildFile; fileRef = 3551B96A1ED52A4200B859DB /* ViewController.m */; };
		3551B96E1ED52A4200B859DB /* Main.storyboard in Resources */ = {isa = PBXBuildFile; fileRef = 3551B96C1ED52A4200B859DB /* Main.storyboard */; };
		3551B9701ED52A4200B859DB /* Assets.xcassets in Resources */ = {isa = PBXBuildFile; fileRef = 3551B96F1ED52A4200B859DB /* Assets.xcassets */; };
		3551B9731ED52A4200B859DB /* LaunchScreen.storyboard in Resources */ = {isa = PBXBuildFile; fileRef = 3551B9711ED52A4200B859DB /* LaunchScreen.storyboard */; };
		3551B97E1ED52A4200B859DB /* iPadTestTests.m in Sources */ = {isa = PBXBuildFile; fileRef = 3551B97D1ED52A4200B859DB /* iPadTestTests.m */; };
		3551B9891ED52A4300B859DB /* iPadTestUITests.m in Sources */ = {isa = PBXBuildFile; fileRef = 3551B9881ED52A4300B859DB /* iPadTestUITests.m */; };
		3551B9B01ED52B2C00B859DB /* FLAnimatedImageView+WebCache.m in Sources */ = {isa = PBXBuildFile; fileRef = 3551B99B1ED52B2C00B859DB /* FLAnimatedImageView+WebCache.m */; };
		3551B9B11ED52B2C00B859DB /* NSArray+SafeExtension.m in Sources */ = {isa = PBXBuildFile; fileRef = 3551B99D1ED52B2C00B859DB /* NSArray+SafeExtension.m */; };
		3551B9B21ED52B2C00B859DB /* NSString+XCHelper.m in Sources */ = {isa = PBXBuildFile; fileRef = 3551B99F1ED52B2C00B859DB /* NSString+XCHelper.m */; };
		3551B9B31ED52B2C00B859DB /* UIAlertController+Color.m in Sources */ = {isa = PBXBuildFile; fileRef = 3551B9A11ED52B2C00B859DB /* UIAlertController+Color.m */; };
		3551B9B41ED52B2C00B859DB /* UIButton+timer.m in Sources */ = {isa = PBXBuildFile; fileRef = 3551B9A31ED52B2C00B859DB /* UIButton+timer.m */; };
		3551B9B51ED52B2C00B859DB /* UIButton+XCHelperBlock.m in Sources */ = {isa = PBXBuildFile; fileRef = 3551B9A51ED52B2C00B859DB /* UIButton+XCHelperBlock.m */; };
		3551B9B61ED52B2C00B859DB /* UIColor+XCAdditions.m in Sources */ = {isa = PBXBuildFile; fileRef = 3551B9A71ED52B2C00B859DB /* UIColor+XCAdditions.m */; };
		3551B9B71ED52B2C00B859DB /* UIImage+Category.m in Sources */ = {isa = PBXBuildFile; fileRef = 3551B9A91ED52B2C00B859DB /* UIImage+Category.m */; };
		3551B9B81ED52B2C00B859DB /* UIView+Layout.m in Sources */ = {isa = PBXBuildFile; fileRef = 3551B9AB1ED52B2C00B859DB /* UIView+Layout.m */; };
		3551B9B91ED52B2C00B859DB /* UIView+XCCornerRadius.m in Sources */ = {isa = PBXBuildFile; fileRef = 3551B9AD1ED52B2C00B859DB /* UIView+XCCornerRadius.m */; };
		3551B9BA1ED52B2C00B859DB /* UIView+XCHelper.m in Sources */ = {isa = PBXBuildFile; fileRef = 3551B9AF1ED52B2C00B859DB /* UIView+XCHelper.m */; };
		35595B7B1EDE5633000E2514 /* GGT_MineLeftViewController.m in Sources */ = {isa = PBXBuildFile; fileRef = 35595B7A1EDE5633000E2514 /* GGT_MineLeftViewController.m */; };
		35595B7E1EDE5647000E2514 /* GGT_MineRightViewController.m in Sources */ = {isa = PBXBuildFile; fileRef = 35595B7D1EDE5647000E2514 /* GGT_MineRightViewController.m */; };
		35595B811EDE6F38000E2514 /* GGT_SelfInfoViewController.m in Sources */ = {isa = PBXBuildFile; fileRef = 35595B801EDE6F38000E2514 /* GGT_SelfInfoViewController.m */; };
		35595B841EDE6F50000E2514 /* GGT_MineClassViewController.m in Sources */ = {isa = PBXBuildFile; fileRef = 35595B831EDE6F50000E2514 /* GGT_MineClassViewController.m */; };
		35595B871EDE6F6F000E2514 /* GGT_TestReportViewController.m in Sources */ = {isa = PBXBuildFile; fileRef = 35595B861EDE6F6F000E2514 /* GGT_TestReportViewController.m */; };
		35595B8A1EDE6F8A000E2514 /* GGT_FeedbackViewController.m in Sources */ = {isa = PBXBuildFile; fileRef = 35595B891EDE6F8A000E2514 /* GGT_FeedbackViewController.m */; };
		35595B8D1EDE6FA0000E2514 /* GGT_SettingViewController.m in Sources */ = {isa = PBXBuildFile; fileRef = 35595B8C1EDE6FA0000E2514 /* GGT_SettingViewController.m */; };
		35595B901EDE7027000E2514 /* GGT_MineHeaderView.m in Sources */ = {isa = PBXBuildFile; fileRef = 35595B8F1EDE7027000E2514 /* GGT_MineHeaderView.m */; };
		35595B931EDE704A000E2514 /* GGT_MineLeftTableViewCell.m in Sources */ = {isa = PBXBuildFile; fileRef = 35595B921EDE704A000E2514 /* GGT_MineLeftTableViewCell.m */; };
		35595B961EDE707B000E2514 /* GGT_MineLeftMode.m in Sources */ = {isa = PBXBuildFile; fileRef = 35595B951EDE707B000E2514 /* GGT_MineLeftMode.m */; };
		71497A6FC5639B6D0EADBD1F /* Pods_iPadTest.framework in Frameworks */ = {isa = PBXBuildFile; fileRef = 634B8245A26090102F2E9D1B /* Pods_iPadTest.framework */; };
		B7B6F74A1ED95DB8006FCB44 /* GGT_HomeLeftView.m in Sources */ = {isa = PBXBuildFile; fileRef = B7B6F7491ED95DB8006FCB44 /* GGT_HomeLeftView.m */; };
		B7B6F7511ED96AF9006FCB44 /* GGT_MineSplitViewController.m in Sources */ = {isa = PBXBuildFile; fileRef = B7B6F7501ED96AF9006FCB44 /* GGT_MineSplitViewController.m */; };
		B7BE6EF71ED81843000C10B3 /* GGT_RegisterView.m in Sources */ = {isa = PBXBuildFile; fileRef = B7BE6EF61ED81843000C10B3 /* GGT_RegisterView.m */; };
		B7E69E061EDFB6F400410F9A /* GGT_SettingTableViewCell.m in Sources */ = {isa = PBXBuildFile; fileRef = B7E69E051EDFB6F400410F9A /* GGT_SettingTableViewCell.m */; };
/* End PBXBuildFile section */

/* Begin PBXContainerItemProxy section */
		3551B97A1ED52A4200B859DB /* PBXContainerItemProxy */ = {
			isa = PBXContainerItemProxy;
			containerPortal = 3551B9581ED52A4200B859DB /* Project object */;
			proxyType = 1;
			remoteGlobalIDString = 3551B95F1ED52A4200B859DB;
			remoteInfo = iPadTest;
		};
		3551B9851ED52A4300B859DB /* PBXContainerItemProxy */ = {
			isa = PBXContainerItemProxy;
			containerPortal = 3551B9581ED52A4200B859DB /* Project object */;
			proxyType = 1;
			remoteGlobalIDString = 3551B95F1ED52A4200B859DB;
			remoteInfo = iPadTest;
		};
/* End PBXContainerItemProxy section */

/* Begin PBXFileReference section */
		353D98A81ED52C7200880566 /* GGT_Singleton.h */ = {isa = PBXFileReference; fileEncoding = 4; lastKnownFileType = sourcecode.c.h; path = GGT_Singleton.h; sourceTree = "<group>"; };
		353D98A91ED52C7200880566 /* GGT_Singleton.m */ = {isa = PBXFileReference; fileEncoding = 4; lastKnownFileType = sourcecode.c.objc; path = GGT_Singleton.m; sourceTree = "<group>"; };
		353D98AA1ED52C7200880566 /* MBProgressHUD+Extension.h */ = {isa = PBXFileReference; fileEncoding = 4; lastKnownFileType = sourcecode.c.h; path = "MBProgressHUD+Extension.h"; sourceTree = "<group>"; };
		353D98AB1ED52C7200880566 /* MBProgressHUD+Extension.m */ = {isa = PBXFileReference; fileEncoding = 4; lastKnownFileType = sourcecode.c.objc; path = "MBProgressHUD+Extension.m"; sourceTree = "<group>"; };
		353D98AC1ED52C7200880566 /* MBProgressHUD.bundle */ = {isa = PBXFileReference; lastKnownFileType = "wrapper.plug-in"; path = MBProgressHUD.bundle; sourceTree = "<group>"; };
		353D98AD1ED52C7200880566 /* XCNormalFooter.h */ = {isa = PBXFileReference; fileEncoding = 4; lastKnownFileType = sourcecode.c.h; path = XCNormalFooter.h; sourceTree = "<group>"; };
		353D98AE1ED52C7200880566 /* XCNormalFooter.m */ = {isa = PBXFileReference; fileEncoding = 4; lastKnownFileType = sourcecode.c.objc; path = XCNormalFooter.m; sourceTree = "<group>"; };
		353D98AF1ED52C7200880566 /* XCNormalHeader.h */ = {isa = PBXFileReference; fileEncoding = 4; lastKnownFileType = sourcecode.c.h; path = XCNormalHeader.h; sourceTree = "<group>"; };
		353D98B01ED52C7200880566 /* XCNormalHeader.m */ = {isa = PBXFileReference; fileEncoding = 4; lastKnownFileType = sourcecode.c.objc; path = XCNormalHeader.m; sourceTree = "<group>"; };
		353D98B71ED52CA600880566 /* BaseBackViewController.h */ = {isa = PBXFileReference; fileEncoding = 4; lastKnownFileType = sourcecode.c.h; path = BaseBackViewController.h; sourceTree = "<group>"; };
		353D98B81ED52CA600880566 /* BaseBackViewController.m */ = {isa = PBXFileReference; fileEncoding = 4; lastKnownFileType = sourcecode.c.objc; path = BaseBackViewController.m; sourceTree = "<group>"; };
		353D98B91ED52CA600880566 /* BaseNavigationController.h */ = {isa = PBXFileReference; fileEncoding = 4; lastKnownFileType = sourcecode.c.h; path = BaseNavigationController.h; sourceTree = "<group>"; };
		353D98BA1ED52CA600880566 /* BaseNavigationController.m */ = {isa = PBXFileReference; fileEncoding = 4; lastKnownFileType = sourcecode.c.objc; path = BaseNavigationController.m; sourceTree = "<group>"; };
		353D98BB1ED52CA600880566 /* BaseViewController.h */ = {isa = PBXFileReference; fileEncoding = 4; lastKnownFileType = sourcecode.c.h; path = BaseViewController.h; sourceTree = "<group>"; };
		353D98BC1ED52CA600880566 /* BaseViewController.m */ = {isa = PBXFileReference; fileEncoding = 4; lastKnownFileType = sourcecode.c.objc; path = BaseViewController.m; sourceTree = "<group>"; };
		353D98C01ED52D1700880566 /* Reveal.framework */ = {isa = PBXFileReference; lastKnownFileType = wrapper.framework; path = Reveal.framework; sourceTree = "<group>"; };
		353D98C61ED5528C00880566 /* GGT_LoginViewController.h */ = {isa = PBXFileReference; fileEncoding = 4; lastKnownFileType = sourcecode.c.h; path = GGT_LoginViewController.h; sourceTree = "<group>"; };
		353D98C71ED5528C00880566 /* GGT_LoginViewController.m */ = {isa = PBXFileReference; fileEncoding = 4; lastKnownFileType = sourcecode.c.objc; path = GGT_LoginViewController.m; sourceTree = "<group>"; };
		353D98CD1ED552E000880566 /* GGT_HomeViewController.h */ = {isa = PBXFileReference; fileEncoding = 4; lastKnownFileType = sourcecode.c.h; path = GGT_HomeViewController.h; sourceTree = "<group>"; };
		353D98CE1ED552E000880566 /* GGT_HomeViewController.m */ = {isa = PBXFileReference; fileEncoding = 4; lastKnownFileType = sourcecode.c.objc; path = GGT_HomeViewController.m; sourceTree = "<group>"; };
		353D98D41ED55D5800880566 /* BaseService.h */ = {isa = PBXFileReference; fileEncoding = 4; lastKnownFileType = sourcecode.c.h; path = BaseService.h; sourceTree = "<group>"; };
		353D98D51ED55D5800880566 /* BaseService.m */ = {isa = PBXFileReference; fileEncoding = 4; lastKnownFileType = sourcecode.c.objc; path = BaseService.m; sourceTree = "<group>"; };
		353D98D71ED55D7A00880566 /* GGT_Request_URL.h */ = {isa = PBXFileReference; lastKnownFileType = sourcecode.c.h; path = GGT_Request_URL.h; sourceTree = "<group>"; };
		353D98D81ED56A2100880566 /* GGT_ForgotPasswordViewController.h */ = {isa = PBXFileReference; fileEncoding = 4; lastKnownFileType = sourcecode.c.h; path = GGT_ForgotPasswordViewController.h; sourceTree = "<group>"; };
		353D98D91ED56A2100880566 /* GGT_ForgotPasswordViewController.m */ = {isa = PBXFileReference; fileEncoding = 4; lastKnownFileType = sourcecode.c.objc; path = GGT_ForgotPasswordViewController.m; sourceTree = "<group>"; };
		353D98DB1ED56A3700880566 /* GGT_RegisterViewController.h */ = {isa = PBXFileReference; fileEncoding = 4; lastKnownFileType = sourcecode.c.h; path = GGT_RegisterViewController.h; sourceTree = "<group>"; };
		353D98DC1ED56A3700880566 /* GGT_RegisterViewController.m */ = {isa = PBXFileReference; fileEncoding = 4; lastKnownFileType = sourcecode.c.objc; path = GGT_RegisterViewController.m; sourceTree = "<group>"; };
		353D98DE1ED56A8300880566 /* GGT_LoginView.h */ = {isa = PBXFileReference; fileEncoding = 4; lastKnownFileType = sourcecode.c.h; path = GGT_LoginView.h; sourceTree = "<group>"; };
		353D98DF1ED56A8300880566 /* GGT_LoginView.m */ = {isa = PBXFileReference; fileEncoding = 4; lastKnownFileType = sourcecode.c.objc; path = GGT_LoginView.m; sourceTree = "<group>"; };
		3551B9601ED52A4200B859DB /* iPadTest.app */ = {isa = PBXFileReference; explicitFileType = wrapper.application; includeInIndex = 0; path = iPadTest.app; sourceTree = BUILT_PRODUCTS_DIR; };
		3551B9641ED52A4200B859DB /* main.m */ = {isa = PBXFileReference; lastKnownFileType = sourcecode.c.objc; path = main.m; sourceTree = "<group>"; };
		3551B9661ED52A4200B859DB /* AppDelegate.h */ = {isa = PBXFileReference; lastKnownFileType = sourcecode.c.h; path = AppDelegate.h; sourceTree = "<group>"; };
		3551B9671ED52A4200B859DB /* AppDelegate.m */ = {isa = PBXFileReference; lastKnownFileType = sourcecode.c.objc; path = AppDelegate.m; sourceTree = "<group>"; };
		3551B9691ED52A4200B859DB /* ViewController.h */ = {isa = PBXFileReference; lastKnownFileType = sourcecode.c.h; path = ViewController.h; sourceTree = "<group>"; };
		3551B96A1ED52A4200B859DB /* ViewController.m */ = {isa = PBXFileReference; lastKnownFileType = sourcecode.c.objc; path = ViewController.m; sourceTree = "<group>"; };
		3551B96D1ED52A4200B859DB /* Base */ = {isa = PBXFileReference; lastKnownFileType = file.storyboard; name = Base; path = Base.lproj/Main.storyboard; sourceTree = "<group>"; };
		3551B96F1ED52A4200B859DB /* Assets.xcassets */ = {isa = PBXFileReference; lastKnownFileType = folder.assetcatalog; path = Assets.xcassets; sourceTree = "<group>"; };
		3551B9721ED52A4200B859DB /* Base */ = {isa = PBXFileReference; lastKnownFileType = file.storyboard; name = Base; path = Base.lproj/LaunchScreen.storyboard; sourceTree = "<group>"; };
		3551B9741ED52A4200B859DB /* Info.plist */ = {isa = PBXFileReference; lastKnownFileType = text.plist.xml; path = Info.plist; sourceTree = "<group>"; };
		3551B9791ED52A4200B859DB /* iPadTestTests.xctest */ = {isa = PBXFileReference; explicitFileType = wrapper.cfbundle; includeInIndex = 0; path = iPadTestTests.xctest; sourceTree = BUILT_PRODUCTS_DIR; };
		3551B97D1ED52A4200B859DB /* iPadTestTests.m */ = {isa = PBXFileReference; lastKnownFileType = sourcecode.c.objc; path = iPadTestTests.m; sourceTree = "<group>"; };
		3551B97F1ED52A4200B859DB /* Info.plist */ = {isa = PBXFileReference; lastKnownFileType = text.plist.xml; path = Info.plist; sourceTree = "<group>"; };
		3551B9841ED52A4300B859DB /* iPadTestUITests.xctest */ = {isa = PBXFileReference; explicitFileType = wrapper.cfbundle; includeInIndex = 0; path = iPadTestUITests.xctest; sourceTree = BUILT_PRODUCTS_DIR; };
		3551B9881ED52A4300B859DB /* iPadTestUITests.m */ = {isa = PBXFileReference; lastKnownFileType = sourcecode.c.objc; path = iPadTestUITests.m; sourceTree = "<group>"; };
		3551B98A1ED52A4300B859DB /* Info.plist */ = {isa = PBXFileReference; lastKnownFileType = text.plist.xml; path = Info.plist; sourceTree = "<group>"; };
		3551B9961ED52A7B00B859DB /* PrefixHeader.pch */ = {isa = PBXFileReference; fileEncoding = 4; lastKnownFileType = sourcecode.c.h; path = PrefixHeader.pch; sourceTree = "<group>"; };
		3551B9971ED52ABE00B859DB /* AppInformation.h */ = {isa = PBXFileReference; lastKnownFileType = sourcecode.c.h; path = AppInformation.h; sourceTree = "<group>"; };
		3551B9981ED52ACB00B859DB /* AppUIInformation.h */ = {isa = PBXFileReference; lastKnownFileType = sourcecode.c.h; path = AppUIInformation.h; sourceTree = "<group>"; };
		3551B99A1ED52B2C00B859DB /* FLAnimatedImageView+WebCache.h */ = {isa = PBXFileReference; fileEncoding = 4; lastKnownFileType = sourcecode.c.h; path = "FLAnimatedImageView+WebCache.h"; sourceTree = "<group>"; };
		3551B99B1ED52B2C00B859DB /* FLAnimatedImageView+WebCache.m */ = {isa = PBXFileReference; fileEncoding = 4; lastKnownFileType = sourcecode.c.objc; path = "FLAnimatedImageView+WebCache.m"; sourceTree = "<group>"; };
		3551B99C1ED52B2C00B859DB /* NSArray+SafeExtension.h */ = {isa = PBXFileReference; fileEncoding = 4; lastKnownFileType = sourcecode.c.h; path = "NSArray+SafeExtension.h"; sourceTree = "<group>"; };
		3551B99D1ED52B2C00B859DB /* NSArray+SafeExtension.m */ = {isa = PBXFileReference; fileEncoding = 4; lastKnownFileType = sourcecode.c.objc; path = "NSArray+SafeExtension.m"; sourceTree = "<group>"; };
		3551B99E1ED52B2C00B859DB /* NSString+XCHelper.h */ = {isa = PBXFileReference; fileEncoding = 4; lastKnownFileType = sourcecode.c.h; path = "NSString+XCHelper.h"; sourceTree = "<group>"; };
		3551B99F1ED52B2C00B859DB /* NSString+XCHelper.m */ = {isa = PBXFileReference; fileEncoding = 4; lastKnownFileType = sourcecode.c.objc; path = "NSString+XCHelper.m"; sourceTree = "<group>"; };
		3551B9A01ED52B2C00B859DB /* UIAlertController+Color.h */ = {isa = PBXFileReference; fileEncoding = 4; lastKnownFileType = sourcecode.c.h; path = "UIAlertController+Color.h"; sourceTree = "<group>"; };
		3551B9A11ED52B2C00B859DB /* UIAlertController+Color.m */ = {isa = PBXFileReference; fileEncoding = 4; lastKnownFileType = sourcecode.c.objc; path = "UIAlertController+Color.m"; sourceTree = "<group>"; };
		3551B9A21ED52B2C00B859DB /* UIButton+timer.h */ = {isa = PBXFileReference; fileEncoding = 4; lastKnownFileType = sourcecode.c.h; path = "UIButton+timer.h"; sourceTree = "<group>"; };
		3551B9A31ED52B2C00B859DB /* UIButton+timer.m */ = {isa = PBXFileReference; fileEncoding = 4; lastKnownFileType = sourcecode.c.objc; path = "UIButton+timer.m"; sourceTree = "<group>"; };
		3551B9A41ED52B2C00B859DB /* UIButton+XCHelperBlock.h */ = {isa = PBXFileReference; fileEncoding = 4; lastKnownFileType = sourcecode.c.h; path = "UIButton+XCHelperBlock.h"; sourceTree = "<group>"; };
		3551B9A51ED52B2C00B859DB /* UIButton+XCHelperBlock.m */ = {isa = PBXFileReference; fileEncoding = 4; lastKnownFileType = sourcecode.c.objc; path = "UIButton+XCHelperBlock.m"; sourceTree = "<group>"; };
		3551B9A61ED52B2C00B859DB /* UIColor+XCAdditions.h */ = {isa = PBXFileReference; fileEncoding = 4; lastKnownFileType = sourcecode.c.h; path = "UIColor+XCAdditions.h"; sourceTree = "<group>"; };
		3551B9A71ED52B2C00B859DB /* UIColor+XCAdditions.m */ = {isa = PBXFileReference; fileEncoding = 4; lastKnownFileType = sourcecode.c.objc; path = "UIColor+XCAdditions.m"; sourceTree = "<group>"; };
		3551B9A81ED52B2C00B859DB /* UIImage+Category.h */ = {isa = PBXFileReference; fileEncoding = 4; lastKnownFileType = sourcecode.c.h; path = "UIImage+Category.h"; sourceTree = "<group>"; };
		3551B9A91ED52B2C00B859DB /* UIImage+Category.m */ = {isa = PBXFileReference; fileEncoding = 4; lastKnownFileType = sourcecode.c.objc; path = "UIImage+Category.m"; sourceTree = "<group>"; };
		3551B9AA1ED52B2C00B859DB /* UIView+Layout.h */ = {isa = PBXFileReference; fileEncoding = 4; lastKnownFileType = sourcecode.c.h; path = "UIView+Layout.h"; sourceTree = "<group>"; };
		3551B9AB1ED52B2C00B859DB /* UIView+Layout.m */ = {isa = PBXFileReference; fileEncoding = 4; lastKnownFileType = sourcecode.c.objc; path = "UIView+Layout.m"; sourceTree = "<group>"; };
		3551B9AC1ED52B2C00B859DB /* UIView+XCCornerRadius.h */ = {isa = PBXFileReference; fileEncoding = 4; lastKnownFileType = sourcecode.c.h; path = "UIView+XCCornerRadius.h"; sourceTree = "<group>"; };
		3551B9AD1ED52B2C00B859DB /* UIView+XCCornerRadius.m */ = {isa = PBXFileReference; fileEncoding = 4; lastKnownFileType = sourcecode.c.objc; path = "UIView+XCCornerRadius.m"; sourceTree = "<group>"; };
		3551B9AE1ED52B2C00B859DB /* UIView+XCHelper.h */ = {isa = PBXFileReference; fileEncoding = 4; lastKnownFileType = sourcecode.c.h; path = "UIView+XCHelper.h"; sourceTree = "<group>"; };
		3551B9AF1ED52B2C00B859DB /* UIView+XCHelper.m */ = {isa = PBXFileReference; fileEncoding = 4; lastKnownFileType = sourcecode.c.objc; path = "UIView+XCHelper.m"; sourceTree = "<group>"; };
		35595B791EDE5633000E2514 /* GGT_MineLeftViewController.h */ = {isa = PBXFileReference; fileEncoding = 4; lastKnownFileType = sourcecode.c.h; path = GGT_MineLeftViewController.h; sourceTree = "<group>"; };
		35595B7A1EDE5633000E2514 /* GGT_MineLeftViewController.m */ = {isa = PBXFileReference; fileEncoding = 4; lastKnownFileType = sourcecode.c.objc; path = GGT_MineLeftViewController.m; sourceTree = "<group>"; };
		35595B7C1EDE5647000E2514 /* GGT_MineRightViewController.h */ = {isa = PBXFileReference; fileEncoding = 4; lastKnownFileType = sourcecode.c.h; path = GGT_MineRightViewController.h; sourceTree = "<group>"; };
		35595B7D1EDE5647000E2514 /* GGT_MineRightViewController.m */ = {isa = PBXFileReference; fileEncoding = 4; lastKnownFileType = sourcecode.c.objc; path = GGT_MineRightViewController.m; sourceTree = "<group>"; };
		35595B7F1EDE6F38000E2514 /* GGT_SelfInfoViewController.h */ = {isa = PBXFileReference; fileEncoding = 4; lastKnownFileType = sourcecode.c.h; path = GGT_SelfInfoViewController.h; sourceTree = "<group>"; };
		35595B801EDE6F38000E2514 /* GGT_SelfInfoViewController.m */ = {isa = PBXFileReference; fileEncoding = 4; lastKnownFileType = sourcecode.c.objc; path = GGT_SelfInfoViewController.m; sourceTree = "<group>"; };
		35595B821EDE6F50000E2514 /* GGT_MineClassViewController.h */ = {isa = PBXFileReference; fileEncoding = 4; lastKnownFileType = sourcecode.c.h; path = GGT_MineClassViewController.h; sourceTree = "<group>"; };
		35595B831EDE6F50000E2514 /* GGT_MineClassViewController.m */ = {isa = PBXFileReference; fileEncoding = 4; lastKnownFileType = sourcecode.c.objc; path = GGT_MineClassViewController.m; sourceTree = "<group>"; };
		35595B851EDE6F6F000E2514 /* GGT_TestReportViewController.h */ = {isa = PBXFileReference; fileEncoding = 4; lastKnownFileType = sourcecode.c.h; path = GGT_TestReportViewController.h; sourceTree = "<group>"; };
		35595B861EDE6F6F000E2514 /* GGT_TestReportViewController.m */ = {isa = PBXFileReference; fileEncoding = 4; lastKnownFileType = sourcecode.c.objc; path = GGT_TestReportViewController.m; sourceTree = "<group>"; };
		35595B881EDE6F8A000E2514 /* GGT_FeedbackViewController.h */ = {isa = PBXFileReference; fileEncoding = 4; lastKnownFileType = sourcecode.c.h; path = GGT_FeedbackViewController.h; sourceTree = "<group>"; };
		35595B891EDE6F8A000E2514 /* GGT_FeedbackViewController.m */ = {isa = PBXFileReference; fileEncoding = 4; lastKnownFileType = sourcecode.c.objc; path = GGT_FeedbackViewController.m; sourceTree = "<group>"; };
		35595B8B1EDE6F9F000E2514 /* GGT_SettingViewController.h */ = {isa = PBXFileReference; fileEncoding = 4; lastKnownFileType = sourcecode.c.h; path = GGT_SettingViewController.h; sourceTree = "<group>"; };
		35595B8C1EDE6FA0000E2514 /* GGT_SettingViewController.m */ = {isa = PBXFileReference; fileEncoding = 4; lastKnownFileType = sourcecode.c.objc; path = GGT_SettingViewController.m; sourceTree = "<group>"; };
		35595B8E1EDE7027000E2514 /* GGT_MineHeaderView.h */ = {isa = PBXFileReference; fileEncoding = 4; lastKnownFileType = sourcecode.c.h; name = GGT_MineHeaderView.h; path = iPadTest/Mine/Controller/GGT_MineHeaderView.h; sourceTree = SOURCE_ROOT; };
		35595B8F1EDE7027000E2514 /* GGT_MineHeaderView.m */ = {isa = PBXFileReference; fileEncoding = 4; lastKnownFileType = sourcecode.c.objc; name = GGT_MineHeaderView.m; path = iPadTest/Mine/Controller/GGT_MineHeaderView.m; sourceTree = SOURCE_ROOT; };
		35595B911EDE704A000E2514 /* GGT_MineLeftTableViewCell.h */ = {isa = PBXFileReference; fileEncoding = 4; lastKnownFileType = sourcecode.c.h; name = GGT_MineLeftTableViewCell.h; path = iPadTest/Mine/Controller/GGT_MineLeftTableViewCell.h; sourceTree = SOURCE_ROOT; };
		35595B921EDE704A000E2514 /* GGT_MineLeftTableViewCell.m */ = {isa = PBXFileReference; fileEncoding = 4; lastKnownFileType = sourcecode.c.objc; name = GGT_MineLeftTableViewCell.m; path = iPadTest/Mine/Controller/GGT_MineLeftTableViewCell.m; sourceTree = SOURCE_ROOT; };
		35595B941EDE707B000E2514 /* GGT_MineLeftMode.h */ = {isa = PBXFileReference; fileEncoding = 4; lastKnownFileType = sourcecode.c.h; name = GGT_MineLeftMode.h; path = iPadTest/Mine/Controller/GGT_MineLeftMode.h; sourceTree = SOURCE_ROOT; };
		35595B951EDE707B000E2514 /* GGT_MineLeftMode.m */ = {isa = PBXFileReference; fileEncoding = 4; lastKnownFileType = sourcecode.c.objc; name = GGT_MineLeftMode.m; path = iPadTest/Mine/Controller/GGT_MineLeftMode.m; sourceTree = SOURCE_ROOT; };
		48350ABF8FD3C5CF29D10E75 /* Pods-iPadTest.debug.xcconfig */ = {isa = PBXFileReference; includeInIndex = 1; lastKnownFileType = text.xcconfig; name = "Pods-iPadTest.debug.xcconfig"; path = "Pods/Target Support Files/Pods-iPadTest/Pods-iPadTest.debug.xcconfig"; sourceTree = "<group>"; };
		634B8245A26090102F2E9D1B /* Pods_iPadTest.framework */ = {isa = PBXFileReference; explicitFileType = wrapper.framework; includeInIndex = 0; path = Pods_iPadTest.framework; sourceTree = BUILT_PRODUCTS_DIR; };
		6F86952D725597B4B6EBC801 /* Pods-iPadTest.release.xcconfig */ = {isa = PBXFileReference; includeInIndex = 1; lastKnownFileType = text.xcconfig; name = "Pods-iPadTest.release.xcconfig"; path = "Pods/Target Support Files/Pods-iPadTest/Pods-iPadTest.release.xcconfig"; sourceTree = "<group>"; };
		B7B6F7481ED95DB8006FCB44 /* GGT_HomeLeftView.h */ = {isa = PBXFileReference; fileEncoding = 4; lastKnownFileType = sourcecode.c.h; name = GGT_HomeLeftView.h; path = iPadTest/LogAndRegister/View/GGT_HomeLeftView.h; sourceTree = SOURCE_ROOT; };
		B7B6F7491ED95DB8006FCB44 /* GGT_HomeLeftView.m */ = {isa = PBXFileReference; fileEncoding = 4; lastKnownFileType = sourcecode.c.objc; name = GGT_HomeLeftView.m; path = iPadTest/LogAndRegister/View/GGT_HomeLeftView.m; sourceTree = SOURCE_ROOT; };
		B7B6F74F1ED96AF9006FCB44 /* GGT_MineSplitViewController.h */ = {isa = PBXFileReference; fileEncoding = 4; lastKnownFileType = sourcecode.c.h; path = GGT_MineSplitViewController.h; sourceTree = "<group>"; };
		B7B6F7501ED96AF9006FCB44 /* GGT_MineSplitViewController.m */ = {isa = PBXFileReference; fileEncoding = 4; lastKnownFileType = sourcecode.c.objc; path = GGT_MineSplitViewController.m; sourceTree = "<group>"; };
		B7BE6EF51ED81843000C10B3 /* GGT_RegisterView.h */ = {isa = PBXFileReference; fileEncoding = 4; lastKnownFileType = sourcecode.c.h; path = GGT_RegisterView.h; sourceTree = "<group>"; };
		B7BE6EF61ED81843000C10B3 /* GGT_RegisterView.m */ = {isa = PBXFileReference; fileEncoding = 4; lastKnownFileType = sourcecode.c.objc; path = GGT_RegisterView.m; sourceTree = "<group>"; };
		B7E69E041EDFB6F400410F9A /* GGT_SettingTableViewCell.h */ = {isa = PBXFileReference; fileEncoding = 4; lastKnownFileType = sourcecode.c.h; path = GGT_SettingTableViewCell.h; sourceTree = "<group>"; };
		B7E69E051EDFB6F400410F9A /* GGT_SettingTableViewCell.m */ = {isa = PBXFileReference; fileEncoding = 4; lastKnownFileType = sourcecode.c.objc; path = GGT_SettingTableViewCell.m; sourceTree = "<group>"; };
/* End PBXFileReference section */

/* Begin PBXFrameworksBuildPhase section */
		3551B95D1ED52A4200B859DB /* Frameworks */ = {
			isa = PBXFrameworksBuildPhase;
			buildActionMask = 2147483647;
			files = (
				353D98C11ED52D1700880566 /* Reveal.framework in Frameworks */,
				71497A6FC5639B6D0EADBD1F /* Pods_iPadTest.framework in Frameworks */,
			);
			runOnlyForDeploymentPostprocessing = 0;
		};
		3551B9761ED52A4200B859DB /* Frameworks */ = {
			isa = PBXFrameworksBuildPhase;
			buildActionMask = 2147483647;
			files = (
			);
			runOnlyForDeploymentPostprocessing = 0;
		};
		3551B9811ED52A4300B859DB /* Frameworks */ = {
			isa = PBXFrameworksBuildPhase;
			buildActionMask = 2147483647;
			files = (
			);
			runOnlyForDeploymentPostprocessing = 0;
		};
/* End PBXFrameworksBuildPhase section */

/* Begin PBXGroup section */
		353D98A71ED52C7200880566 /* CommonClass */ = {
			isa = PBXGroup;
			children = (
				353D98A81ED52C7200880566 /* GGT_Singleton.h */,
				353D98A91ED52C7200880566 /* GGT_Singleton.m */,
				353D98AA1ED52C7200880566 /* MBProgressHUD+Extension.h */,
				353D98AB1ED52C7200880566 /* MBProgressHUD+Extension.m */,
				353D98AC1ED52C7200880566 /* MBProgressHUD.bundle */,
				353D98AD1ED52C7200880566 /* XCNormalFooter.h */,
				353D98AE1ED52C7200880566 /* XCNormalFooter.m */,
				353D98AF1ED52C7200880566 /* XCNormalHeader.h */,
				353D98B01ED52C7200880566 /* XCNormalHeader.m */,
			);
			path = CommonClass;
			sourceTree = "<group>";
		};
		353D98B61ED52CA600880566 /*  BaseClass */ = {
			isa = PBXGroup;
			children = (
				353D98B71ED52CA600880566 /* BaseBackViewController.h */,
				353D98B81ED52CA600880566 /* BaseBackViewController.m */,
				353D98B91ED52CA600880566 /* BaseNavigationController.h */,
				353D98BA1ED52CA600880566 /* BaseNavigationController.m */,
				353D98BB1ED52CA600880566 /* BaseViewController.h */,
				353D98BC1ED52CA600880566 /* BaseViewController.m */,
			);
			path = " BaseClass";
			sourceTree = "<group>";
		};
		353D98C21ED5523B00880566 /* LogAndRegister */ = {
			isa = PBXGroup;
			children = (
				353D98C31ED5523B00880566 /* Controller */,
				353D98C41ED5523B00880566 /* Model */,
				353D98C51ED5523B00880566 /* View */,
			);
			path = LogAndRegister;
			sourceTree = "<group>";
		};
		353D98C31ED5523B00880566 /* Controller */ = {
			isa = PBXGroup;
			children = (
				353D98C61ED5528C00880566 /* GGT_LoginViewController.h */,
				353D98C71ED5528C00880566 /* GGT_LoginViewController.m */,
				353D98D81ED56A2100880566 /* GGT_ForgotPasswordViewController.h */,
				353D98D91ED56A2100880566 /* GGT_ForgotPasswordViewController.m */,
				353D98DB1ED56A3700880566 /* GGT_RegisterViewController.h */,
				353D98DC1ED56A3700880566 /* GGT_RegisterViewController.m */,
			);
			path = Controller;
			sourceTree = "<group>";
		};
		353D98C41ED5523B00880566 /* Model */ = {
			isa = PBXGroup;
			children = (
			);
			path = Model;
			sourceTree = "<group>";
		};
		353D98C51ED5523B00880566 /* View */ = {
			isa = PBXGroup;
			children = (
				353D98DE1ED56A8300880566 /* GGT_LoginView.h */,
				353D98DF1ED56A8300880566 /* GGT_LoginView.m */,
				B7BE6EF51ED81843000C10B3 /* GGT_RegisterView.h */,
				B7BE6EF61ED81843000C10B3 /* GGT_RegisterView.m */,
			);
			path = View;
			sourceTree = "<group>";
		};
		353D98C91ED552C500880566 /* HomeClass */ = {
			isa = PBXGroup;
			children = (
				353D98CA1ED552C500880566 /* Controller */,
				353D98CB1ED552C500880566 /* Model */,
				353D98CC1ED552C500880566 /* View */,
			);
			path = HomeClass;
			sourceTree = "<group>";
		};
		353D98CA1ED552C500880566 /* Controller */ = {
			isa = PBXGroup;
			children = (
				353D98CD1ED552E000880566 /* GGT_HomeViewController.h */,
				353D98CE1ED552E000880566 /* GGT_HomeViewController.m */,
			);
			path = Controller;
			sourceTree = "<group>";
		};
		353D98CB1ED552C500880566 /* Model */ = {
			isa = PBXGroup;
			children = (
			);
			path = Model;
			sourceTree = "<group>";
		};
		353D98CC1ED552C500880566 /* View */ = {
			isa = PBXGroup;
			children = (
				B7B6F7481ED95DB8006FCB44 /* GGT_HomeLeftView.h */,
				B7B6F7491ED95DB8006FCB44 /* GGT_HomeLeftView.m */,
			);
			path = View;
			sourceTree = "<group>";
		};
		353D98D01ED55D3000880566 /* Network */ = {
			isa = PBXGroup;
			children = (
				353D98D11ED55D3000880566 /* Controller */,
				353D98D21ED55D3000880566 /* Model */,
				353D98D31ED55D3000880566 /* View */,
			);
			path = Network;
			sourceTree = "<group>";
		};
		353D98D11ED55D3000880566 /* Controller */ = {
			isa = PBXGroup;
			children = (
				353D98D41ED55D5800880566 /* BaseService.h */,
				353D98D51ED55D5800880566 /* BaseService.m */,
				353D98D71ED55D7A00880566 /* GGT_Request_URL.h */,
			);
			path = Controller;
			sourceTree = "<group>";
		};
		353D98D21ED55D3000880566 /* Model */ = {
			isa = PBXGroup;
			children = (
			);
			path = Model;
			sourceTree = "<group>";
		};
		353D98D31ED55D3000880566 /* View */ = {
			isa = PBXGroup;
			children = (
			);
			path = View;
			sourceTree = "<group>";
		};
		3551B9571ED52A4200B859DB = {
			isa = PBXGroup;
			children = (
				3551B9621ED52A4200B859DB /* iPadTest */,
				3551B97C1ED52A4200B859DB /* iPadTestTests */,
				3551B9871ED52A4300B859DB /* iPadTestUITests */,
				3551B9611ED52A4200B859DB /* Products */,
				D457C9645818369EA468EB4E /* Pods */,
				4CC92ED651D3E4E62C8E6AB4 /* Frameworks */,
			);
			sourceTree = "<group>";
		};
		3551B9611ED52A4200B859DB /* Products */ = {
			isa = PBXGroup;
			children = (
				3551B9601ED52A4200B859DB /* iPadTest.app */,
				3551B9791ED52A4200B859DB /* iPadTestTests.xctest */,
				3551B9841ED52A4300B859DB /* iPadTestUITests.xctest */,
			);
			name = Products;
			sourceTree = "<group>";
		};
		3551B9621ED52A4200B859DB /* iPadTest */ = {
			isa = PBXGroup;
			children = (
				B7B6F74B1ED96ACF006FCB44 /* Mine */,
				353D98D01ED55D3000880566 /* Network */,
				353D98C91ED552C500880566 /* HomeClass */,
				353D98C21ED5523B00880566 /* LogAndRegister */,
				353D98B61ED52CA600880566 /*  BaseClass */,
				353D98A71ED52C7200880566 /* CommonClass */,
				3551B9991ED52B2C00B859DB /* Extension */,
				3551B9661ED52A4200B859DB /* AppDelegate.h */,
				3551B9671ED52A4200B859DB /* AppDelegate.m */,
				3551B9691ED52A4200B859DB /* ViewController.h */,
				3551B96A1ED52A4200B859DB /* ViewController.m */,
				3551B9631ED52A4200B859DB /* Supporting Files */,
			);
			path = iPadTest;
			sourceTree = "<group>";
		};
		3551B9631ED52A4200B859DB /* Supporting Files */ = {
			isa = PBXGroup;
			children = (
				3551B96C1ED52A4200B859DB /* Main.storyboard */,
				3551B96F1ED52A4200B859DB /* Assets.xcassets */,
				3551B9711ED52A4200B859DB /* LaunchScreen.storyboard */,
				3551B9741ED52A4200B859DB /* Info.plist */,
				3551B9641ED52A4200B859DB /* main.m */,
				3551B9961ED52A7B00B859DB /* PrefixHeader.pch */,
				3551B9971ED52ABE00B859DB /* AppInformation.h */,
				3551B9981ED52ACB00B859DB /* AppUIInformation.h */,
			);
			name = "Supporting Files";
			sourceTree = "<group>";
		};
		3551B97C1ED52A4200B859DB /* iPadTestTests */ = {
			isa = PBXGroup;
			children = (
				3551B97D1ED52A4200B859DB /* iPadTestTests.m */,
				3551B97F1ED52A4200B859DB /* Info.plist */,
			);
			path = iPadTestTests;
			sourceTree = "<group>";
		};
		3551B9871ED52A4300B859DB /* iPadTestUITests */ = {
			isa = PBXGroup;
			children = (
				3551B9881ED52A4300B859DB /* iPadTestUITests.m */,
				3551B98A1ED52A4300B859DB /* Info.plist */,
			);
			path = iPadTestUITests;
			sourceTree = "<group>";
		};
		3551B9991ED52B2C00B859DB /* Extension */ = {
			isa = PBXGroup;
			children = (
				3551B99A1ED52B2C00B859DB /* FLAnimatedImageView+WebCache.h */,
				3551B99B1ED52B2C00B859DB /* FLAnimatedImageView+WebCache.m */,
				3551B99C1ED52B2C00B859DB /* NSArray+SafeExtension.h */,
				3551B99D1ED52B2C00B859DB /* NSArray+SafeExtension.m */,
				3551B99E1ED52B2C00B859DB /* NSString+XCHelper.h */,
				3551B99F1ED52B2C00B859DB /* NSString+XCHelper.m */,
				3551B9A01ED52B2C00B859DB /* UIAlertController+Color.h */,
				3551B9A11ED52B2C00B859DB /* UIAlertController+Color.m */,
				3551B9A21ED52B2C00B859DB /* UIButton+timer.h */,
				3551B9A31ED52B2C00B859DB /* UIButton+timer.m */,
				3551B9A41ED52B2C00B859DB /* UIButton+XCHelperBlock.h */,
				3551B9A51ED52B2C00B859DB /* UIButton+XCHelperBlock.m */,
				3551B9A61ED52B2C00B859DB /* UIColor+XCAdditions.h */,
				3551B9A71ED52B2C00B859DB /* UIColor+XCAdditions.m */,
				3551B9A81ED52B2C00B859DB /* UIImage+Category.h */,
				3551B9A91ED52B2C00B859DB /* UIImage+Category.m */,
				3551B9AA1ED52B2C00B859DB /* UIView+Layout.h */,
				3551B9AB1ED52B2C00B859DB /* UIView+Layout.m */,
				3551B9AC1ED52B2C00B859DB /* UIView+XCCornerRadius.h */,
				3551B9AD1ED52B2C00B859DB /* UIView+XCCornerRadius.m */,
				3551B9AE1ED52B2C00B859DB /* UIView+XCHelper.h */,
				3551B9AF1ED52B2C00B859DB /* UIView+XCHelper.m */,
			);
			path = Extension;
			sourceTree = "<group>";
		};
		4CC92ED651D3E4E62C8E6AB4 /* Frameworks */ = {
			isa = PBXGroup;
			children = (
				353D98C01ED52D1700880566 /* Reveal.framework */,
				634B8245A26090102F2E9D1B /* Pods_iPadTest.framework */,
			);
			name = Frameworks;
			sourceTree = "<group>";
		};
		B7B6F74B1ED96ACF006FCB44 /* Mine */ = {
			isa = PBXGroup;
			children = (
				B7B6F74C1ED96ACF006FCB44 /* Controller */,
				B7B6F74D1ED96ACF006FCB44 /* Model */,
				B7B6F74E1ED96ACF006FCB44 /* View */,
			);
			path = Mine;
			sourceTree = "<group>";
		};
		B7B6F74C1ED96ACF006FCB44 /* Controller */ = {
			isa = PBXGroup;
			children = (
				B7B6F74F1ED96AF9006FCB44 /* GGT_MineSplitViewController.h */,
				B7B6F7501ED96AF9006FCB44 /* GGT_MineSplitViewController.m */,
				35595B791EDE5633000E2514 /* GGT_MineLeftViewController.h */,
				35595B7A1EDE5633000E2514 /* GGT_MineLeftViewController.m */,
				35595B7C1EDE5647000E2514 /* GGT_MineRightViewController.h */,
				35595B7D1EDE5647000E2514 /* GGT_MineRightViewController.m */,
				35595B7F1EDE6F38000E2514 /* GGT_SelfInfoViewController.h */,
				35595B801EDE6F38000E2514 /* GGT_SelfInfoViewController.m */,
				35595B821EDE6F50000E2514 /* GGT_MineClassViewController.h */,
				35595B831EDE6F50000E2514 /* GGT_MineClassViewController.m */,
				35595B851EDE6F6F000E2514 /* GGT_TestReportViewController.h */,
				35595B861EDE6F6F000E2514 /* GGT_TestReportViewController.m */,
				35595B881EDE6F8A000E2514 /* GGT_FeedbackViewController.h */,
				35595B891EDE6F8A000E2514 /* GGT_FeedbackViewController.m */,
				35595B8B1EDE6F9F000E2514 /* GGT_SettingViewController.h */,
				35595B8C1EDE6FA0000E2514 /* GGT_SettingViewController.m */,
			);
			path = Controller;
			sourceTree = "<group>";
		};
		B7B6F74D1ED96ACF006FCB44 /* Model */ = {
			isa = PBXGroup;
			children = (
				35595B941EDE707B000E2514 /* GGT_MineLeftMode.h */,
				35595B951EDE707B000E2514 /* GGT_MineLeftMode.m */,
			);
			path = Model;
			sourceTree = "<group>";
		};
		B7B6F74E1ED96ACF006FCB44 /* View */ = {
			isa = PBXGroup;
			children = (
				35595B8E1EDE7027000E2514 /* GGT_MineHeaderView.h */,
				35595B8F1EDE7027000E2514 /* GGT_MineHeaderView.m */,
				35595B911EDE704A000E2514 /* GGT_MineLeftTableViewCell.h */,
				35595B921EDE704A000E2514 /* GGT_MineLeftTableViewCell.m */,
				B7E69E041EDFB6F400410F9A /* GGT_SettingTableViewCell.h */,
				B7E69E051EDFB6F400410F9A /* GGT_SettingTableViewCell.m */,
			);
			path = View;
			sourceTree = "<group>";
		};
		D457C9645818369EA468EB4E /* Pods */ = {
			isa = PBXGroup;
			children = (
				48350ABF8FD3C5CF29D10E75 /* Pods-iPadTest.debug.xcconfig */,
				6F86952D725597B4B6EBC801 /* Pods-iPadTest.release.xcconfig */,
			);
			name = Pods;
			sourceTree = "<group>";
		};
/* End PBXGroup section */

/* Begin PBXNativeTarget section */
		3551B95F1ED52A4200B859DB /* iPadTest */ = {
			isa = PBXNativeTarget;
			buildConfigurationList = 3551B98D1ED52A4300B859DB /* Build configuration list for PBXNativeTarget "iPadTest" */;
			buildPhases = (
				45857600C9572AE561A3D55E /* [CP] Check Pods Manifest.lock */,
				3551B95C1ED52A4200B859DB /* Sources */,
				3551B95D1ED52A4200B859DB /* Frameworks */,
				3551B95E1ED52A4200B859DB /* Resources */,
				498A94F16C952A28A5C41541 /* [CP] Embed Pods Frameworks */,
				CE31449EB5A34362F5419545 /* [CP] Copy Pods Resources */,
			);
			buildRules = (
			);
			dependencies = (
			);
			name = iPadTest;
			productName = iPadTest;
			productReference = 3551B9601ED52A4200B859DB /* iPadTest.app */;
			productType = "com.apple.product-type.application";
		};
		3551B9781ED52A4200B859DB /* iPadTestTests */ = {
			isa = PBXNativeTarget;
			buildConfigurationList = 3551B9901ED52A4300B859DB /* Build configuration list for PBXNativeTarget "iPadTestTests" */;
			buildPhases = (
				3551B9751ED52A4200B859DB /* Sources */,
				3551B9761ED52A4200B859DB /* Frameworks */,
				3551B9771ED52A4200B859DB /* Resources */,
			);
			buildRules = (
			);
			dependencies = (
				3551B97B1ED52A4200B859DB /* PBXTargetDependency */,
			);
			name = iPadTestTests;
			productName = iPadTestTests;
			productReference = 3551B9791ED52A4200B859DB /* iPadTestTests.xctest */;
			productType = "com.apple.product-type.bundle.unit-test";
		};
		3551B9831ED52A4300B859DB /* iPadTestUITests */ = {
			isa = PBXNativeTarget;
			buildConfigurationList = 3551B9931ED52A4300B859DB /* Build configuration list for PBXNativeTarget "iPadTestUITests" */;
			buildPhases = (
				3551B9801ED52A4300B859DB /* Sources */,
				3551B9811ED52A4300B859DB /* Frameworks */,
				3551B9821ED52A4300B859DB /* Resources */,
			);
			buildRules = (
			);
			dependencies = (
				3551B9861ED52A4300B859DB /* PBXTargetDependency */,
			);
			name = iPadTestUITests;
			productName = iPadTestUITests;
			productReference = 3551B9841ED52A4300B859DB /* iPadTestUITests.xctest */;
			productType = "com.apple.product-type.bundle.ui-testing";
		};
/* End PBXNativeTarget section */

/* Begin PBXProject section */
		3551B9581ED52A4200B859DB /* Project object */ = {
			isa = PBXProject;
			attributes = {
				CLASSPREFIX = GGT_;
				LastUpgradeCheck = 0830;
				ORGANIZATIONNAME = "何建新";
				TargetAttributes = {
					3551B95F1ED52A4200B859DB = {
						CreatedOnToolsVersion = 8.3.2;
						DevelopmentTeam = RD7J4DU62A;
						ProvisioningStyle = Automatic;
					};
					3551B9781ED52A4200B859DB = {
						CreatedOnToolsVersion = 8.3.2;
						DevelopmentTeam = RD7J4DU62A;
						ProvisioningStyle = Automatic;
						TestTargetID = 3551B95F1ED52A4200B859DB;
					};
					3551B9831ED52A4300B859DB = {
						CreatedOnToolsVersion = 8.3.2;
						DevelopmentTeam = RD7J4DU62A;
						ProvisioningStyle = Automatic;
						TestTargetID = 3551B95F1ED52A4200B859DB;
					};
				};
			};
			buildConfigurationList = 3551B95B1ED52A4200B859DB /* Build configuration list for PBXProject "iPadTest" */;
			compatibilityVersion = "Xcode 3.2";
			developmentRegion = English;
			hasScannedForEncodings = 0;
			knownRegions = (
				en,
				Base,
			);
			mainGroup = 3551B9571ED52A4200B859DB;
			productRefGroup = 3551B9611ED52A4200B859DB /* Products */;
			projectDirPath = "";
			projectRoot = "";
			targets = (
				3551B95F1ED52A4200B859DB /* iPadTest */,
				3551B9781ED52A4200B859DB /* iPadTestTests */,
				3551B9831ED52A4300B859DB /* iPadTestUITests */,
			);
		};
/* End PBXProject section */

/* Begin PBXResourcesBuildPhase section */
		3551B95E1ED52A4200B859DB /* Resources */ = {
			isa = PBXResourcesBuildPhase;
			buildActionMask = 2147483647;
			files = (
				3551B9731ED52A4200B859DB /* LaunchScreen.storyboard in Resources */,
				353D98B31ED52C7200880566 /* MBProgressHUD.bundle in Resources */,
				3551B9701ED52A4200B859DB /* Assets.xcassets in Resources */,
				3551B96E1ED52A4200B859DB /* Main.storyboard in Resources */,
			);
			runOnlyForDeploymentPostprocessing = 0;
		};
		3551B9771ED52A4200B859DB /* Resources */ = {
			isa = PBXResourcesBuildPhase;
			buildActionMask = 2147483647;
			files = (
			);
			runOnlyForDeploymentPostprocessing = 0;
		};
		3551B9821ED52A4300B859DB /* Resources */ = {
			isa = PBXResourcesBuildPhase;
			buildActionMask = 2147483647;
			files = (
			);
			runOnlyForDeploymentPostprocessing = 0;
		};
/* End PBXResourcesBuildPhase section */

/* Begin PBXShellScriptBuildPhase section */
		45857600C9572AE561A3D55E /* [CP] Check Pods Manifest.lock */ = {
			isa = PBXShellScriptBuildPhase;
			buildActionMask = 2147483647;
			files = (
			);
			inputPaths = (
			);
			name = "[CP] Check Pods Manifest.lock";
			outputPaths = (
			);
			runOnlyForDeploymentPostprocessing = 0;
			shellPath = /bin/sh;
			shellScript = "diff \"${PODS_PODFILE_DIR_PATH}/Podfile.lock\" \"${PODS_ROOT}/Manifest.lock\" > /dev/null\nif [ $? != 0 ] ; then\n    # print error to STDERR\n    echo \"error: The sandbox is not in sync with the Podfile.lock. Run 'pod install' or update your CocoaPods installation.\" >&2\n    exit 1\nfi\n";
			showEnvVarsInLog = 0;
		};
		498A94F16C952A28A5C41541 /* [CP] Embed Pods Frameworks */ = {
			isa = PBXShellScriptBuildPhase;
			buildActionMask = 2147483647;
			files = (
			);
			inputPaths = (
			);
			name = "[CP] Embed Pods Frameworks";
			outputPaths = (
			);
			runOnlyForDeploymentPostprocessing = 0;
			shellPath = /bin/sh;
			shellScript = "\"${SRCROOT}/Pods/Target Support Files/Pods-iPadTest/Pods-iPadTest-frameworks.sh\"\n";
			showEnvVarsInLog = 0;
		};
		CE31449EB5A34362F5419545 /* [CP] Copy Pods Resources */ = {
			isa = PBXShellScriptBuildPhase;
			buildActionMask = 2147483647;
			files = (
			);
			inputPaths = (
			);
			name = "[CP] Copy Pods Resources";
			outputPaths = (
			);
			runOnlyForDeploymentPostprocessing = 0;
			shellPath = /bin/sh;
			shellScript = "\"${SRCROOT}/Pods/Target Support Files/Pods-iPadTest/Pods-iPadTest-resources.sh\"\n";
			showEnvVarsInLog = 0;
		};
/* End PBXShellScriptBuildPhase section */

/* Begin PBXSourcesBuildPhase section */
		3551B95C1ED52A4200B859DB /* Sources */ = {
			isa = PBXSourcesBuildPhase;
			buildActionMask = 2147483647;
			files = (
				3551B9B61ED52B2C00B859DB /* UIColor+XCAdditions.m in Sources */,
				35595B931EDE704A000E2514 /* GGT_MineLeftTableViewCell.m in Sources */,
				353D98B21ED52C7200880566 /* MBProgressHUD+Extension.m in Sources */,
				B7BE6EF71ED81843000C10B3 /* GGT_RegisterView.m in Sources */,
				3551B9B21ED52B2C00B859DB /* NSString+XCHelper.m in Sources */,
				3551B9B91ED52B2C00B859DB /* UIView+XCCornerRadius.m in Sources */,
				35595B841EDE6F50000E2514 /* GGT_MineClassViewController.m in Sources */,
				35595B961EDE707B000E2514 /* GGT_MineLeftMode.m in Sources */,
				353D98BE1ED52CA600880566 /* BaseNavigationController.m in Sources */,
				35595B811EDE6F38000E2514 /* GGT_SelfInfoViewController.m in Sources */,
				35595B7B1EDE5633000E2514 /* GGT_MineLeftViewController.m in Sources */,
				3551B9B71ED52B2C00B859DB /* UIImage+Category.m in Sources */,
				353D98B41ED52C7200880566 /* XCNormalFooter.m in Sources */,
				3551B9B41ED52B2C00B859DB /* UIButton+timer.m in Sources */,
				3551B9BA1ED52B2C00B859DB /* UIView+XCHelper.m in Sources */,
				35595B8D1EDE6FA0000E2514 /* GGT_SettingViewController.m in Sources */,
				353D98DA1ED56A2100880566 /* GGT_ForgotPasswordViewController.m in Sources */,
				B7E69E061EDFB6F400410F9A /* GGT_SettingTableViewCell.m in Sources */,
				353D98B51ED52C7200880566 /* XCNormalHeader.m in Sources */,
				353D98CF1ED552E000880566 /* GGT_HomeViewController.m in Sources */,
				3551B9B51ED52B2C00B859DB /* UIButton+XCHelperBlock.m in Sources */,
				353D98BD1ED52CA600880566 /* BaseBackViewController.m in Sources */,
				B7B6F7511ED96AF9006FCB44 /* GGT_MineSplitViewController.m in Sources */,
				353D98DD1ED56A3700880566 /* GGT_RegisterViewController.m in Sources */,
				35595B8A1EDE6F8A000E2514 /* GGT_FeedbackViewController.m in Sources */,
				3551B96B1ED52A4200B859DB /* ViewController.m in Sources */,
				3551B9B11ED52B2C00B859DB /* NSArray+SafeExtension.m in Sources */,
				3551B9B01ED52B2C00B859DB /* FLAnimatedImageView+WebCache.m in Sources */,
				3551B9B81ED52B2C00B859DB /* UIView+Layout.m in Sources */,
				3551B9681ED52A4200B859DB /* AppDelegate.m in Sources */,
				353D98E01ED56A8300880566 /* GGT_LoginView.m in Sources */,
				3551B9651ED52A4200B859DB /* main.m in Sources */,
				353D98B11ED52C7200880566 /* GGT_Singleton.m in Sources */,
				B7B6F74A1ED95DB8006FCB44 /* GGT_HomeLeftView.m in Sources */,
				35595B901EDE7027000E2514 /* GGT_MineHeaderView.m in Sources */,
				353D98D61ED55D5800880566 /* BaseService.m in Sources */,
				353D98BF1ED52CA600880566 /* BaseViewController.m in Sources */,
				3551B9B31ED52B2C00B859DB /* UIAlertController+Color.m in Sources */,
				35595B871EDE6F6F000E2514 /* GGT_TestReportViewController.m in Sources */,
				353D98C81ED5528C00880566 /* GGT_LoginViewController.m in Sources */,
				35595B7E1EDE5647000E2514 /* GGT_MineRightViewController.m in Sources */,
			);
			runOnlyForDeploymentPostprocessing = 0;
		};
		3551B9751ED52A4200B859DB /* Sources */ = {
			isa = PBXSourcesBuildPhase;
			buildActionMask = 2147483647;
			files = (
				3551B97E1ED52A4200B859DB /* iPadTestTests.m in Sources */,
			);
			runOnlyForDeploymentPostprocessing = 0;
		};
		3551B9801ED52A4300B859DB /* Sources */ = {
			isa = PBXSourcesBuildPhase;
			buildActionMask = 2147483647;
			files = (
				3551B9891ED52A4300B859DB /* iPadTestUITests.m in Sources */,
			);
			runOnlyForDeploymentPostprocessing = 0;
		};
/* End PBXSourcesBuildPhase section */

/* Begin PBXTargetDependency section */
		3551B97B1ED52A4200B859DB /* PBXTargetDependency */ = {
			isa = PBXTargetDependency;
			target = 3551B95F1ED52A4200B859DB /* iPadTest */;
			targetProxy = 3551B97A1ED52A4200B859DB /* PBXContainerItemProxy */;
		};
		3551B9861ED52A4300B859DB /* PBXTargetDependency */ = {
			isa = PBXTargetDependency;
			target = 3551B95F1ED52A4200B859DB /* iPadTest */;
			targetProxy = 3551B9851ED52A4300B859DB /* PBXContainerItemProxy */;
		};
/* End PBXTargetDependency section */

/* Begin PBXVariantGroup section */
		3551B96C1ED52A4200B859DB /* Main.storyboard */ = {
			isa = PBXVariantGroup;
			children = (
				3551B96D1ED52A4200B859DB /* Base */,
			);
			name = Main.storyboard;
			sourceTree = "<group>";
		};
		3551B9711ED52A4200B859DB /* LaunchScreen.storyboard */ = {
			isa = PBXVariantGroup;
			children = (
				3551B9721ED52A4200B859DB /* Base */,
			);
			name = LaunchScreen.storyboard;
			sourceTree = "<group>";
		};
/* End PBXVariantGroup section */

/* Begin XCBuildConfiguration section */
		3551B98B1ED52A4300B859DB /* Debug */ = {
			isa = XCBuildConfiguration;
			buildSettings = {
				ALWAYS_SEARCH_USER_PATHS = NO;
				CLANG_ANALYZER_NONNULL = YES;
				CLANG_ANALYZER_NUMBER_OBJECT_CONVERSION = YES_AGGRESSIVE;
				CLANG_CXX_LANGUAGE_STANDARD = "gnu++0x";
				CLANG_CXX_LIBRARY = "libc++";
				CLANG_ENABLE_MODULES = YES;
				CLANG_ENABLE_OBJC_ARC = YES;
				CLANG_WARN_BOOL_CONVERSION = YES;
				CLANG_WARN_CONSTANT_CONVERSION = YES;
				CLANG_WARN_DIRECT_OBJC_ISA_USAGE = YES_ERROR;
				CLANG_WARN_DOCUMENTATION_COMMENTS = YES;
				CLANG_WARN_EMPTY_BODY = YES;
				CLANG_WARN_ENUM_CONVERSION = YES;
				CLANG_WARN_INFINITE_RECURSION = YES;
				CLANG_WARN_INT_CONVERSION = YES;
				CLANG_WARN_OBJC_ROOT_CLASS = YES_ERROR;
				CLANG_WARN_SUSPICIOUS_MOVE = YES;
				CLANG_WARN_UNREACHABLE_CODE = YES;
				CLANG_WARN__DUPLICATE_METHOD_MATCH = YES;
				"CODE_SIGN_IDENTITY[sdk=iphoneos*]" = "iPhone Developer";
				COPY_PHASE_STRIP = NO;
				DEBUG_INFORMATION_FORMAT = dwarf;
				ENABLE_STRICT_OBJC_MSGSEND = YES;
				ENABLE_TESTABILITY = YES;
				GCC_C_LANGUAGE_STANDARD = gnu99;
				GCC_DYNAMIC_NO_PIC = NO;
				GCC_NO_COMMON_BLOCKS = YES;
				GCC_OPTIMIZATION_LEVEL = 0;
				GCC_PREPROCESSOR_DEFINITIONS = (
					"DEBUG=1",
					"$(inherited)",
				);
				GCC_WARN_64_TO_32_BIT_CONVERSION = YES;
				GCC_WARN_ABOUT_RETURN_TYPE = YES_ERROR;
				GCC_WARN_UNDECLARED_SELECTOR = YES;
				GCC_WARN_UNINITIALIZED_AUTOS = YES_AGGRESSIVE;
				GCC_WARN_UNUSED_FUNCTION = YES;
				GCC_WARN_UNUSED_VARIABLE = YES;
				IPHONEOS_DEPLOYMENT_TARGET = 10.3;
				MTL_ENABLE_DEBUG_INFO = YES;
				ONLY_ACTIVE_ARCH = YES;
				SDKROOT = iphoneos;
				TARGETED_DEVICE_FAMILY = 2;
			};
			name = Debug;
		};
		3551B98C1ED52A4300B859DB /* Release */ = {
			isa = XCBuildConfiguration;
			buildSettings = {
				ALWAYS_SEARCH_USER_PATHS = NO;
				CLANG_ANALYZER_NONNULL = YES;
				CLANG_ANALYZER_NUMBER_OBJECT_CONVERSION = YES_AGGRESSIVE;
				CLANG_CXX_LANGUAGE_STANDARD = "gnu++0x";
				CLANG_CXX_LIBRARY = "libc++";
				CLANG_ENABLE_MODULES = YES;
				CLANG_ENABLE_OBJC_ARC = YES;
				CLANG_WARN_BOOL_CONVERSION = YES;
				CLANG_WARN_CONSTANT_CONVERSION = YES;
				CLANG_WARN_DIRECT_OBJC_ISA_USAGE = YES_ERROR;
				CLANG_WARN_DOCUMENTATION_COMMENTS = YES;
				CLANG_WARN_EMPTY_BODY = YES;
				CLANG_WARN_ENUM_CONVERSION = YES;
				CLANG_WARN_INFINITE_RECURSION = YES;
				CLANG_WARN_INT_CONVERSION = YES;
				CLANG_WARN_OBJC_ROOT_CLASS = YES_ERROR;
				CLANG_WARN_SUSPICIOUS_MOVE = YES;
				CLANG_WARN_UNREACHABLE_CODE = YES;
				CLANG_WARN__DUPLICATE_METHOD_MATCH = YES;
				"CODE_SIGN_IDENTITY[sdk=iphoneos*]" = "iPhone Developer";
				COPY_PHASE_STRIP = NO;
				DEBUG_INFORMATION_FORMAT = "dwarf-with-dsym";
				ENABLE_NS_ASSERTIONS = NO;
				ENABLE_STRICT_OBJC_MSGSEND = YES;
				GCC_C_LANGUAGE_STANDARD = gnu99;
				GCC_NO_COMMON_BLOCKS = YES;
				GCC_WARN_64_TO_32_BIT_CONVERSION = YES;
				GCC_WARN_ABOUT_RETURN_TYPE = YES_ERROR;
				GCC_WARN_UNDECLARED_SELECTOR = YES;
				GCC_WARN_UNINITIALIZED_AUTOS = YES_AGGRESSIVE;
				GCC_WARN_UNUSED_FUNCTION = YES;
				GCC_WARN_UNUSED_VARIABLE = YES;
				IPHONEOS_DEPLOYMENT_TARGET = 10.3;
				MTL_ENABLE_DEBUG_INFO = NO;
				SDKROOT = iphoneos;
				TARGETED_DEVICE_FAMILY = 2;
				VALIDATE_PRODUCT = YES;
			};
			name = Release;
		};
		3551B98E1ED52A4300B859DB /* Debug */ = {
			isa = XCBuildConfiguration;
			baseConfigurationReference = 48350ABF8FD3C5CF29D10E75 /* Pods-iPadTest.debug.xcconfig */;
			buildSettings = {
				ASSETCATALOG_COMPILER_APPICON_NAME = AppIcon;
				ASSETCATALOG_COMPILER_LAUNCHIMAGE_NAME = LaunchImage;
				DEVELOPMENT_TEAM = RD7J4DU62A;
				FRAMEWORK_SEARCH_PATHS = (
					"$(inherited)",
					"$(PROJECT_DIR)",
				);
				GCC_PREFIX_HEADER = "$(SRCROOT)/iPadTest/PrefixHeader.pch";
				INFOPLIST_FILE = iPadTest/Info.plist;
				LD_RUNPATH_SEARCH_PATHS = "$(inherited) @executable_path/Frameworks";
				OTHER_LDFLAGS = "$(inherited)";
				PRODUCT_BUNDLE_IDENTIFIER = com.hejianxin.iPadTest;
				PRODUCT_NAME = "$(TARGET_NAME)";
			};
			name = Debug;
		};
		3551B98F1ED52A4300B859DB /* Release */ = {
			isa = XCBuildConfiguration;
			baseConfigurationReference = 6F86952D725597B4B6EBC801 /* Pods-iPadTest.release.xcconfig */;
			buildSettings = {
				ASSETCATALOG_COMPILER_APPICON_NAME = AppIcon;
				ASSETCATALOG_COMPILER_LAUNCHIMAGE_NAME = LaunchImage;
				DEVELOPMENT_TEAM = RD7J4DU62A;
				FRAMEWORK_SEARCH_PATHS = (
					"$(inherited)",
					"$(PROJECT_DIR)",
				);
				GCC_PREFIX_HEADER = "$(SRCROOT)/iPadTest/PrefixHeader.pch";
				INFOPLIST_FILE = iPadTest/Info.plist;
				LD_RUNPATH_SEARCH_PATHS = "$(inherited) @executable_path/Frameworks";
				OTHER_LDFLAGS = "$(inherited)";
				PRODUCT_BUNDLE_IDENTIFIER = com.hejianxin.iPadTest;
				PRODUCT_NAME = "$(TARGET_NAME)";
			};
			name = Release;
		};
		3551B9911ED52A4300B859DB /* Debug */ = {
			isa = XCBuildConfiguration;
			buildSettings = {
				BUNDLE_LOADER = "$(TEST_HOST)";
				DEVELOPMENT_TEAM = RD7J4DU62A;
				INFOPLIST_FILE = iPadTestTests/Info.plist;
				LD_RUNPATH_SEARCH_PATHS = "$(inherited) @executable_path/Frameworks @loader_path/Frameworks";
				PRODUCT_BUNDLE_IDENTIFIER = com.hejianxin.iPadTestTests;
				PRODUCT_NAME = "$(TARGET_NAME)";
				TEST_HOST = "$(BUILT_PRODUCTS_DIR)/iPadTest.app/iPadTest";
			};
			name = Debug;
		};
		3551B9921ED52A4300B859DB /* Release */ = {
			isa = XCBuildConfiguration;
			buildSettings = {
				BUNDLE_LOADER = "$(TEST_HOST)";
				DEVELOPMENT_TEAM = RD7J4DU62A;
				INFOPLIST_FILE = iPadTestTests/Info.plist;
				LD_RUNPATH_SEARCH_PATHS = "$(inherited) @executable_path/Frameworks @loader_path/Frameworks";
				PRODUCT_BUNDLE_IDENTIFIER = com.hejianxin.iPadTestTests;
				PRODUCT_NAME = "$(TARGET_NAME)";
				TEST_HOST = "$(BUILT_PRODUCTS_DIR)/iPadTest.app/iPadTest";
			};
			name = Release;
		};
		3551B9941ED52A4300B859DB /* Debug */ = {
			isa = XCBuildConfiguration;
			buildSettings = {
				DEVELOPMENT_TEAM = RD7J4DU62A;
				INFOPLIST_FILE = iPadTestUITests/Info.plist;
				LD_RUNPATH_SEARCH_PATHS = "$(inherited) @executable_path/Frameworks @loader_path/Frameworks";
				PRODUCT_BUNDLE_IDENTIFIER = com.hejianxin.iPadTestUITests;
				PRODUCT_NAME = "$(TARGET_NAME)";
				TEST_TARGET_NAME = iPadTest;
			};
			name = Debug;
		};
		3551B9951ED52A4300B859DB /* Release */ = {
			isa = XCBuildConfiguration;
			buildSettings = {
				DEVELOPMENT_TEAM = RD7J4DU62A;
				INFOPLIST_FILE = iPadTestUITests/Info.plist;
				LD_RUNPATH_SEARCH_PATHS = "$(inherited) @executable_path/Frameworks @loader_path/Frameworks";
				PRODUCT_BUNDLE_IDENTIFIER = com.hejianxin.iPadTestUITests;
				PRODUCT_NAME = "$(TARGET_NAME)";
				TEST_TARGET_NAME = iPadTest;
			};
			name = Release;
		};
/* End XCBuildConfiguration section */

/* Begin XCConfigurationList section */
		3551B95B1ED52A4200B859DB /* Build configuration list for PBXProject "iPadTest" */ = {
			isa = XCConfigurationList;
			buildConfigurations = (
				3551B98B1ED52A4300B859DB /* Debug */,
				3551B98C1ED52A4300B859DB /* Release */,
			);
			defaultConfigurationIsVisible = 0;
			defaultConfigurationName = Release;
		};
		3551B98D1ED52A4300B859DB /* Build configuration list for PBXNativeTarget "iPadTest" */ = {
			isa = XCConfigurationList;
			buildConfigurations = (
				3551B98E1ED52A4300B859DB /* Debug */,
				3551B98F1ED52A4300B859DB /* Release */,
			);
			defaultConfigurationIsVisible = 0;
			defaultConfigurationName = Release;
		};
		3551B9901ED52A4300B859DB /* Build configuration list for PBXNativeTarget "iPadTestTests" */ = {
			isa = XCConfigurationList;
			buildConfigurations = (
				3551B9911ED52A4300B859DB /* Debug */,
				3551B9921ED52A4300B859DB /* Release */,
			);
			defaultConfigurationIsVisible = 0;
			defaultConfigurationName = Release;
		};
		3551B9931ED52A4300B859DB /* Build configuration list for PBXNativeTarget "iPadTestUITests" */ = {
			isa = XCConfigurationList;
			buildConfigurations = (
				3551B9941ED52A4300B859DB /* Debug */,
				3551B9951ED52A4300B859DB /* Release */,
			);
			defaultConfigurationIsVisible = 0;
			defaultConfigurationName = Release;
		};
/* End XCConfigurationList section */
	};
	rootObject = 3551B9581ED52A4200B859DB /* Project object */;
}
