PODS:
  - AFNetworking (3.1.0):
    - AFNetworking/NSURLSession (= 3.1.0)
    - AFNetworking/Reachability (= 3.1.0)
    - AFNetworking/Security (= 3.1.0)
    - AFNetworking/Serialization (= 3.1.0)
    - AFNetworking/UIKit (= 3.1.0)
  - AFNetworking/NSURLSession (3.1.0):
    - AFNetworking/Reachability
    - AFNetworking/Security
    - AFNetworking/Serialization
  - AFNetworking/Reachability (3.1.0)
  - AFNetworking/Security (3.1.0)
  - AFNetworking/Serialization (3.1.0)
  - AFNetworking/UIKit (3.1.0):
    - AFNetworking/NSURLSession
  - BJHL-AVSDK-iOS (0.1.11)
  - BJHL-Foundation-iOS (1.3.2):
    - CocoaLumberjack (= 2.3.0)
  - BJHL-Websocket-iOS (0.3.2):
    - PocketSocket
  - BJLiveCore (0.2.4.3):
    - BJHL-AVSDK-iOS (>= 0.1.11)
    - BJHL-Foundation-iOS
    - BJHL-Websocket-iOS (>= 0.3.2)
    - JRSwizzle
    - libextobjc/EXTScope
    - LKDBHelper
    - LogStat
    - LTInfiniteScrollView
    - ReactiveCocoa (~> 2.0)
    - SDWebImage
    - YYModel
  - Bugly (2.4.8)
  - CocoaLumberjack (2.3.0):
    - CocoaLumberjack/Default (= 2.3.0)
    - CocoaLumberjack/Extensions (= 2.3.0)
  - CocoaLumberjack/Core (2.3.0)
  - CocoaLumberjack/Default (2.3.0):
    - CocoaLumberjack/Core
  - CocoaLumberjack/Extensions (2.3.0):
    - CocoaLumberjack/Default
  - FLAnimatedImage (1.0.12)
  - FLEX (2.4.0)
  - FMDB (2.6.2):
    - FMDB/standard (= 2.6.2)
  - FMDB/standard (2.6.2)
  - FSCalendar (2.7.7)
  - IQKeyboardManager (4.0.9)
  - JCore (1.1.3)
  - JPush (3.0.5):
    - JCore (~> 1.1.1)
  - JRSwizzle (1.0)
  - libextobjc/EXTScope (0.4.1):
    - libextobjc/RuntimeExtensions
  - libextobjc/RuntimeExtensions (0.4.1)
  - LKDBHelper (2.4.2):
    - FMDB
  - LogStat (0.6.0):
    - AFNetworking
    - LKDBHelper
  - LTInfiniteScrollView (4.3.2)
  - M9Dev (0.0.30):
    - JRSwizzle
    - libextobjc/EXTScope
    - M9Dev/Libraries (= 0.0.30)
    - M9Dev/M9Dev (= 0.0.30)
    - Masonry
    - NSString-UrlEncode
    - Reachability
  - M9Dev/Libraries (0.0.30):
    - JRSwizzle
    - libextobjc/EXTScope
    - M9Dev/Libraries/BlocksKit (= 0.0.30)
    - Masonry
    - NSString-UrlEncode
    - Reachability
  - M9Dev/Libraries/BlocksKit (0.0.30):
    - JRSwizzle
    - libextobjc/EXTScope
    - Masonry
    - NSString-UrlEncode
    - Reachability
  - M9Dev/M9Dev (0.0.30):
    - JRSwizzle
    - libextobjc/EXTScope
    - M9Dev/Libraries
    - Masonry
    - NSString-UrlEncode
    - Reachability
  - Masonry (1.0.2)
  - MBProgressHUD (1.0.0)
  - MJExtension (3.0.13)
  - MJRefresh (3.1.12)
  - NSString-UrlEncode (2.1.0)
  - PocketSocket (1.0.1):
    - PocketSocket/Client (= 1.0.1)
    - PocketSocket/Core (= 1.0.1)
    - PocketSocket/Server (= 1.0.1)
  - PocketSocket/Client (1.0.1):
    - PocketSocket/Core
  - PocketSocket/Core (1.0.1)
  - PocketSocket/Server (1.0.1):
    - PocketSocket/Client
  - Reachability (3.2)
  - ReactiveCocoa (2.5):
    - ReactiveCocoa/UI (= 2.5)
  - ReactiveCocoa/Core (2.5):
    - ReactiveCocoa/no-arc
  - ReactiveCocoa/no-arc (2.5)
  - ReactiveCocoa/UI (2.5):
    - ReactiveCocoa/Core
  - SDWebImage (4.0.0):
    - SDWebImage/Core (= 4.0.0)
  - SDWebImage/Core (4.0.0)
  - UMengUShare/Core (6.4.4):
    - UMengUShare/Network
  - UMengUShare/Network (6.4.4)
  - UMengUShare/Plugin/IDFA (6.4.4):
    - UMengUShare/Core
  - UMengUShare/Social/ReducedQQ (6.4.4):
    - UMengUShare/Core
  - UMengUShare/Social/ReducedSina (6.4.4):
    - UMengUShare/Core
  - UMengUShare/Social/ReducedWeChat (6.4.4):
    - UMengUShare/Core
  - UMengUShare/UI (6.4.4):
    - UMengUShare/Core
  - YYModel (1.0.4)
  - ZFPlayer (2.1.3):
    - Masonry

DEPENDENCIES:
  - BJLiveCore
  - Bugly
  - FLAnimatedImage
  - FLEX (~> 2.0)
  - FSCalendar
  - IQKeyboardManager
  - JPush
  - M9Dev
  - Masonry
  - MBProgressHUD
  - MJExtension
  - MJRefresh
  - UMengUShare/Plugin/IDFA
  - UMengUShare/Social/ReducedQQ
  - UMengUShare/Social/ReducedSina
  - UMengUShare/Social/ReducedWeChat
  - UMengUShare/UI
  - ZFPlayer

SPEC CHECKSUMS:
  AFNetworking: 5e0e199f73d8626b11e79750991f5d173d1f8b67
  BJHL-AVSDK-iOS: 7f47615bce905d8cec6d48ad23fec5c35f6c4769
  BJHL-Foundation-iOS: 2dc339ded83d6c1fae1ce51f7ffcb315b19f8db2
  BJHL-Websocket-iOS: d268c2d08cb22d461a0b961781566e488c004c1d
  BJLiveCore: 6d4cc0636749231eb702dcb9b9da89aee2ffdd9c
  Bugly: da3c02408c14838d498429320545a8e439392978
  CocoaLumberjack: 97fab7ee5f507fe54445cca7ea80f926729cfd15
  FLAnimatedImage: 4a0b56255d9b05f18b6dd7ee06871be5d3b89e31
  FLEX: bd1a39e55b56bb413b6f1b34b3c10a0dc44ef079
  FMDB: 854a0341b4726e53276f2a8996f06f1b80f9259a
  FSCalendar: 8bda3534e8590b87124af9a236887314e0359a27
  IQKeyboardManager: 322c7405df3eb5f7e50dede32ea937bf3d4364e0
  JCore: dff3c50e9a7522a508cd9096ca79165968e1aed3
  JPush: dd0b776998aa705a6242b947bf72e5a640387cfe
  JRSwizzle: dd5ead5d913a0f29e7f558200165849f006bb1e3
  libextobjc: a650fc1bf489a3d3a9bc2e621efa3e1006fc5471
  LKDBHelper: ab67373b32f47463bf5f838d730f225824f4492a
  LogStat: b3af561bbe5691bdd8df624a3e570419e5b30f9f
  LTInfiniteScrollView: 6ce2fcaf6d030a9e45a164ba9dcdb1b325a30d03
  M9Dev: 56d9ab1b80a96ae08325c168a9c4023674922993
  Masonry: 7c429b56da9d4ee0bbb3ed77a5ea710d6a5df39e
  MBProgressHUD: 4890f671c94e8a0f3cf959aa731e9de2f036d71a
  MJExtension: 5932755f451458eefa24239358817f8d291240c7
  MJRefresh: b96cdb21c4aa75a7b07654311ab2f315c497e806
  NSString-UrlEncode: 92dcb01cac33ef036cda76baf0e4378b18779e47
  PocketSocket: 9c6867d66fb4f962af96b9b07f4b45bb561b2c2a
  Reachability: 33e18b67625424e47b6cde6d202dce689ad7af96
  ReactiveCocoa: e2db045570aa97c695e7aa97c2bcab222ae51f4a
  SDWebImage: 76a6348bdc74eb5a55dd08a091ef298e56b55e41
  UMengUShare: cd54ae52958426b79aa9193a7b02058d6a6d9aa0
  YYModel: 2a7fdd96aaa4b86a824e26d0c517de8928c04b30
  ZFPlayer: 8dc82b4508fbba4ee59d0304c52e30f8b3390244

PODFILE CHECKSUM: b607f22eebede98e12589f196c18e0ff2b838e43

COCOAPODS: 1.2.1
